PODS:
  - Flutter (1.0.0)
  - notification_plugin (0.0.1):
    - Flutter

DEPENDENCIES:
  - Flutter (from `Flutter`)
  - notification_plugin (from `.symlinks/plugins/notification_plugin/ios`)

EXTERNAL SOURCES:
  Flutter:
    :path: Flutter
  notification_plugin:
    :path: ".symlinks/plugins/notification_plugin/ios"

SPEC CHECKSUMS:
  Flutter: f04841e97a9d0b0a8025694d0796dd46242b2854
  notification_plugin: f04ae7b395a02e6a483921a4dc320ee039aa66d5

PODFILE CHECKSUM: ef19549a9bc3046e7bb7d2fab4d021637c0c58a3

COCOAPODS: 1.11.3
